
Microsoft Visual Studio Solution File, Format Version 12.00
# Visual Studio Version 16
VisualStudioVersion = 16.0.28803.156
MinimumVisualStudioVersion = 10.0.40219.1
Project("{FAE04EC0-301F-11D3-BF4B-00C04F79EFBC}") = "QForegroundViewer", "QForegroundViewer\QForegroundViewer.csproj", "{667868E3-08A1-49C4-8898-FBFACD70D3A8}"
EndProject
Global
	GlobalSection(SolutionConfigurationPlatforms) = preSolution
		Debug|Any CPU = Debug|Any CPU
		Release|Any CPU = Release|Any CPU
	EndGlobalSection
	GlobalSection(ProjectConfigurationPlatforms) = postSolution
		{667868E3-08A1-49C4-8898-FBFACD70D3A8}.Debug|Any CPU.ActiveCfg = Debug|Any CPU
		{667868E3-08A1-49C4-8898-FBFACD70D3A8}.Debug|Any CPU.Build.0 = Debug|Any CPU
		{667868E3-08A1-49C4-8898-FBFACD70D3A8}.Release|Any CPU.ActiveCfg = Release|Any CPU
		{667868E3-08A1-49C4-8898-FBFACD70D3A8}.Release|Any CPU.Build.0 = Release|Any CPU
	EndGlobalSection
	GlobalSection(SolutionProperties) = preSolution
		HideSolutionNode = FALSE
	EndGlobalSection
	GlobalSection(ExtensibilityGlobals) = postSolution
		SolutionGuid = {3DC56532-83F0-4FA0-A971-E32BD10BD01E}
	EndGlobalSection
EndGlobal
